%{
  "castore": {:hex, :castore, "0.1.17", "ba672681de4e51ed8ec1f74ed624d104c0db72742ea1a5e74edbc770c815182f", [:mix], [], "hexpm", "d9844227ed52d26e7519224525cb6868650c272d4a3d327ce3ca5570c12163f9"},
  "jason": {:hex, :jason, "1.3.0", "fa6b82a934feb176263ad2df0dbd91bf633d4a46ebfdffea0c8ae82953714946", [:mix], [{:decimal, "~> 1.0 or ~> 2.0", [hex: :decimal, repo: "hexpm", optional: true]}], "hexpm", "53fc1f51255390e0ec7e50f9cb41e751c260d065dcba2bf0d08dc51a4002c2ac"},
  "nimble_lz4": {:hex, :nimble_lz4, "0.1.2", "68c9067c3e375389560891920d18b8f6bc7c41c64b93ebea588984cf8337723a", [:mix], [{:rustler, "~> 0.25.0", [hex: :rustler, repo: "hexpm", optional: false]}, {:rustler_precompiled, "~> 0.5.0", [hex: :rustler_precompiled, repo: "hexpm", optional: false]}], "hexpm", "b9c2d59e8e5f1f40e625918709e0e2e6f33f9106b5eaa5b7bf60a78c2ed972c8"},
  "redbug": {:hex, :redbug, "1.2.2", "366d8961770ddc7bb5d209fbadddfa7271005487f938c087a0e385a57abfee33", [:rebar3], [], "hexpm", "b5fe7b94e487be559cb0ec1c0e938c9761205d3e91a96bf263bdf1beaebea729"},
  "rexbug": {:hex, :rexbug, "1.0.5", "e4fce59d1cb4f574b2d84181507b4782bc4b6afcb64e2cd276003c563ffef766", [:mix], [{:mix_test_watch, ">= 0.5.0", [hex: :mix_test_watch, repo: "hexpm", optional: true]}, {:redbug, "~> 1.2", [hex: :redbug, repo: "hexpm", optional: false]}], "hexpm", "13a3f180a9e490686a774725a07a21caf05735b7c012824d86960e9541aab46a"},
  "rustler": {:hex, :rustler, "0.25.0", "32526b51af7e58a740f61941bf923486ce6415a91c3934cc16c281aa201a2240", [:mix], [{:jason, "~> 1.0", [hex: :jason, repo: "hexpm", optional: false]}, {:toml, "~> 0.6", [hex: :toml, repo: "hexpm", optional: false]}], "hexpm", "6b43a11a37fe79c6234d88c4102ab5dfede7a6a764dc5c7b539956cfa02f3cf4"},
  "rustler_precompiled": {:hex, :rustler_precompiled, "0.5.1", "93df423bd7b14b67dcacf994443d132d300623f80756974cac4febeab40af74a", [:mix], [{:castore, "~> 0.1", [hex: :castore, repo: "hexpm", optional: false]}, {:rustler, "~> 0.23", [hex: :rustler, repo: "hexpm", optional: true]}], "hexpm", "3f8cbc8e92eef4e1a71bf441b568b868b16a3730f63f5b803c68073017e30b13"},
  "toml": {:hex, :toml, "0.6.2", "38f445df384a17e5d382befe30e3489112a48d3ba4c459e543f748c2f25dd4d1", [:mix], [], "hexpm", "d013e45126d74c0c26a38d31f5e8e9b83ea19fc752470feb9a86071ca5a672fa"},
}
